
Microsoft Visual Studio Solution File, Format Version 12.00
# Visual Studio Version 16
VisualStudioVersion = 16.0.31729.503
MinimumVisualStudioVersion = 10.0.40219.1
Project("{FAE04EC0-301F-11D3-BF4B-00C04F79EFBC}") = "SimpleObserver", "SimpleObserver\SimpleObserver.csproj", "{ADED4CF3-45B1-40AF-A2D1-8F564CAB3631}"
EndProject
Project("{FAE04EC0-301F-11D3-BF4B-00C04F79EFBC}") = "VideoNotification", "VideoNotification\VideoNotification.csproj", "{07B2C0B8-5FB4-42EE-B01E-A61DA1DC00F9}"
EndProject
Project("{FAE04EC0-301F-11D3-BF4B-00C04F79EFBC}") = "WeatherStation", "WeatherStation\WeatherStation.csproj", "{5105F72B-C78D-4D3B-8701-5DBB44B289E1}"
EndProject
Global
	GlobalSection(SolutionConfigurationPlatforms) = preSolution
		Debug|Any CPU = Debug|Any CPU
		Release|Any CPU = Release|Any CPU
	EndGlobalSection
	GlobalSection(ProjectConfigurationPlatforms) = postSolution
		{ADED4CF3-45B1-40AF-A2D1-8F564CAB3631}.Debug|Any CPU.ActiveCfg = Debug|Any CPU
		{ADED4CF3-45B1-40AF-A2D1-8F564CAB3631}.Debug|Any CPU.Build.0 = Debug|Any CPU
		{ADED4CF3-45B1-40AF-A2D1-8F564CAB3631}.Release|Any CPU.ActiveCfg = Release|Any CPU
		{ADED4CF3-45B1-40AF-A2D1-8F564CAB3631}.Release|Any CPU.Build.0 = Release|Any CPU
		{07B2C0B8-5FB4-42EE-B01E-A61DA1DC00F9}.Debug|Any CPU.ActiveCfg = Debug|Any CPU
		{07B2C0B8-5FB4-42EE-B01E-A61DA1DC00F9}.Debug|Any CPU.Build.0 = Debug|Any CPU
		{07B2C0B8-5FB4-42EE-B01E-A61DA1DC00F9}.Release|Any CPU.ActiveCfg = Release|Any CPU
		{07B2C0B8-5FB4-42EE-B01E-A61DA1DC00F9}.Release|Any CPU.Build.0 = Release|Any CPU
		{5105F72B-C78D-4D3B-8701-5DBB44B289E1}.Debug|Any CPU.ActiveCfg = Debug|Any CPU
		{5105F72B-C78D-4D3B-8701-5DBB44B289E1}.Debug|Any CPU.Build.0 = Debug|Any CPU
		{5105F72B-C78D-4D3B-8701-5DBB44B289E1}.Release|Any CPU.ActiveCfg = Release|Any CPU
		{5105F72B-C78D-4D3B-8701-5DBB44B289E1}.Release|Any CPU.Build.0 = Release|Any CPU
	EndGlobalSection
	GlobalSection(SolutionProperties) = preSolution
		HideSolutionNode = FALSE
	EndGlobalSection
	GlobalSection(ExtensibilityGlobals) = postSolution
		SolutionGuid = {60EC9AF8-9ACD-4BC5-9958-B2358216DACA}
	EndGlobalSection
EndGlobal
