
Microsoft Visual Studio Solution File, Format Version 12.00
# Visual Studio Version 16
VisualStudioVersion = 16.0.31729.503
MinimumVisualStudioVersion = 10.0.40219.1
Project("{9A19103F-16F7-4668-BE54-9A1E7A4F7556}") = "StarBuzz", "StarBuzz\StarBuzz.csproj", "{D5492A93-205F-4C20-91E1-D4B9CC5577B9}"
EndProject
Project("{9A19103F-16F7-4668-BE54-9A1E7A4F7556}") = "StartBuzzWithInterface", "StartBuzzWithInterfaces\StartBuzzWithInterface.csproj", "{6EF9F0B8-5495-4119-A625-8A21D74619A3}"
EndProject
Project("{FAE04EC0-301F-11D3-BF4B-00C04F79EFBC}") = "SimpleDecorator", "SimpleDecorator\SimpleDecorator.csproj", "{D96552F8-BF22-4ECC-B0D5-D26BEA5F000C}"
EndProject
Global
	GlobalSection(SolutionConfigurationPlatforms) = preSolution
		Debug|Any CPU = Debug|Any CPU
		Release|Any CPU = Release|Any CPU
	EndGlobalSection
	GlobalSection(ProjectConfigurationPlatforms) = postSolution
		{D5492A93-205F-4C20-91E1-D4B9CC5577B9}.Debug|Any CPU.ActiveCfg = Debug|Any CPU
		{D5492A93-205F-4C20-91E1-D4B9CC5577B9}.Debug|Any CPU.Build.0 = Debug|Any CPU
		{D5492A93-205F-4C20-91E1-D4B9CC5577B9}.Release|Any CPU.ActiveCfg = Release|Any CPU
		{D5492A93-205F-4C20-91E1-D4B9CC5577B9}.Release|Any CPU.Build.0 = Release|Any CPU
		{6EF9F0B8-5495-4119-A625-8A21D74619A3}.Debug|Any CPU.ActiveCfg = Debug|Any CPU
		{6EF9F0B8-5495-4119-A625-8A21D74619A3}.Debug|Any CPU.Build.0 = Debug|Any CPU
		{6EF9F0B8-5495-4119-A625-8A21D74619A3}.Release|Any CPU.ActiveCfg = Release|Any CPU
		{6EF9F0B8-5495-4119-A625-8A21D74619A3}.Release|Any CPU.Build.0 = Release|Any CPU
		{D96552F8-BF22-4ECC-B0D5-D26BEA5F000C}.Debug|Any CPU.ActiveCfg = Debug|Any CPU
		{D96552F8-BF22-4ECC-B0D5-D26BEA5F000C}.Debug|Any CPU.Build.0 = Debug|Any CPU
		{D96552F8-BF22-4ECC-B0D5-D26BEA5F000C}.Release|Any CPU.ActiveCfg = Release|Any CPU
		{D96552F8-BF22-4ECC-B0D5-D26BEA5F000C}.Release|Any CPU.Build.0 = Release|Any CPU
	EndGlobalSection
	GlobalSection(SolutionProperties) = preSolution
		HideSolutionNode = FALSE
	EndGlobalSection
	GlobalSection(ExtensibilityGlobals) = postSolution
		SolutionGuid = {12C6A035-1D3B-4CEF-AB6F-AD89A3E784FC}
	EndGlobalSection
EndGlobal
