
Microsoft Visual Studio Solution File, Format Version 12.00
# Visual Studio Version 16
VisualStudioVersion = 16.0.31729.503
MinimumVisualStudioVersion = 10.0.40219.1
Project("{9A19103F-16F7-4668-BE54-9A1E7A4F7556}") = "ConceptualCommand", "ConceptualCommand\ConceptualCommand.csproj", "{48523DD2-637F-4522-BF76-184DADB6CDA3}"
EndProject
Project("{9A19103F-16F7-4668-BE54-9A1E7A4F7556}") = "CalculatorExample", "Calculator\CalculatorExample.csproj", "{B14959FE-0105-4BBE-801A-DE9FA2D6007B}"
EndProject
Project("{FAE04EC0-301F-11D3-BF4B-00C04F79EFBC}") = "RemoteLoader", "RemoteLoader\RemoteLoader.csproj", "{04B18098-303F-449F-A34B-723A5B7EDE6C}"
EndProject
Global
	GlobalSection(SolutionConfigurationPlatforms) = preSolution
		Debug|Any CPU = Debug|Any CPU
		Release|Any CPU = Release|Any CPU
	EndGlobalSection
	GlobalSection(ProjectConfigurationPlatforms) = postSolution
		{48523DD2-637F-4522-BF76-184DADB6CDA3}.Debug|Any CPU.ActiveCfg = Debug|Any CPU
		{48523DD2-637F-4522-BF76-184DADB6CDA3}.Debug|Any CPU.Build.0 = Debug|Any CPU
		{48523DD2-637F-4522-BF76-184DADB6CDA3}.Release|Any CPU.ActiveCfg = Release|Any CPU
		{48523DD2-637F-4522-BF76-184DADB6CDA3}.Release|Any CPU.Build.0 = Release|Any CPU
		{B14959FE-0105-4BBE-801A-DE9FA2D6007B}.Debug|Any CPU.ActiveCfg = Debug|Any CPU
		{B14959FE-0105-4BBE-801A-DE9FA2D6007B}.Debug|Any CPU.Build.0 = Debug|Any CPU
		{B14959FE-0105-4BBE-801A-DE9FA2D6007B}.Release|Any CPU.ActiveCfg = Release|Any CPU
		{B14959FE-0105-4BBE-801A-DE9FA2D6007B}.Release|Any CPU.Build.0 = Release|Any CPU
		{04B18098-303F-449F-A34B-723A5B7EDE6C}.Debug|Any CPU.ActiveCfg = Debug|Any CPU
		{04B18098-303F-449F-A34B-723A5B7EDE6C}.Debug|Any CPU.Build.0 = Debug|Any CPU
		{04B18098-303F-449F-A34B-723A5B7EDE6C}.Release|Any CPU.ActiveCfg = Release|Any CPU
		{04B18098-303F-449F-A34B-723A5B7EDE6C}.Release|Any CPU.Build.0 = Release|Any CPU
	EndGlobalSection
	GlobalSection(SolutionProperties) = preSolution
		HideSolutionNode = FALSE
	EndGlobalSection
	GlobalSection(ExtensibilityGlobals) = postSolution
		SolutionGuid = {88FBB24E-2C92-4C81-911B-BE0C7A3435A3}
	EndGlobalSection
EndGlobal
