
Microsoft Visual Studio Solution File, Format Version 12.00
# Visual Studio Version 16
VisualStudioVersion = 16.0.31729.503
MinimumVisualStudioVersion = 10.0.40219.1
Project("{FAE04EC0-301F-11D3-BF4B-00C04F79EFBC}") = "DuckSimulator", "DuckSimulator\DuckSimulator.csproj", "{17FFF0AB-654A-4F95-B559-A5AE93B22462}"
EndProject
Project("{FAE04EC0-301F-11D3-BF4B-00C04F79EFBC}") = "WeaponsGame", "WeaponsGame\WeaponsGame.csproj", "{6D772B95-8930-48FD-9BEC-7FBD31D9F0CB}"
EndProject
Global
	GlobalSection(SolutionConfigurationPlatforms) = preSolution
		Debug|Any CPU = Debug|Any CPU
		Release|Any CPU = Release|Any CPU
	EndGlobalSection
	GlobalSection(ProjectConfigurationPlatforms) = postSolution
		{17FFF0AB-654A-4F95-B559-A5AE93B22462}.Debug|Any CPU.ActiveCfg = Debug|Any CPU
		{17FFF0AB-654A-4F95-B559-A5AE93B22462}.Debug|Any CPU.Build.0 = Debug|Any CPU
		{17FFF0AB-654A-4F95-B559-A5AE93B22462}.Release|Any CPU.ActiveCfg = Release|Any CPU
		{17FFF0AB-654A-4F95-B559-A5AE93B22462}.Release|Any CPU.Build.0 = Release|Any CPU
		{6D772B95-8930-48FD-9BEC-7FBD31D9F0CB}.Debug|Any CPU.ActiveCfg = Debug|Any CPU
		{6D772B95-8930-48FD-9BEC-7FBD31D9F0CB}.Debug|Any CPU.Build.0 = Debug|Any CPU
		{6D772B95-8930-48FD-9BEC-7FBD31D9F0CB}.Release|Any CPU.ActiveCfg = Release|Any CPU
		{6D772B95-8930-48FD-9BEC-7FBD31D9F0CB}.Release|Any CPU.Build.0 = Release|Any CPU
	EndGlobalSection
	GlobalSection(SolutionProperties) = preSolution
		HideSolutionNode = FALSE
	EndGlobalSection
	GlobalSection(ExtensibilityGlobals) = postSolution
		SolutionGuid = {DD0401E1-CBE6-4130-8FA4-7F2D06C369EF}
	EndGlobalSection
EndGlobal
