
Microsoft Visual Studio Solution File, Format Version 12.00
# Visual Studio Version 16
VisualStudioVersion = 16.0.31729.503
MinimumVisualStudioVersion = 10.0.40219.1
Project("{FAE04EC0-301F-11D3-BF4B-00C04F79EFBC}") = "SimpleAbstractFactory", "SimpleAbstractFactory\SimpleAbstractFactory.csproj", "{8970A58C-D37B-4B38-B5A0-159FE756E80B}"
EndProject
Global
	GlobalSection(SolutionConfigurationPlatforms) = preSolution
		Debug|Any CPU = Debug|Any CPU
		Release|Any CPU = Release|Any CPU
	EndGlobalSection
	GlobalSection(ProjectConfigurationPlatforms) = postSolution
		{8970A58C-D37B-4B38-B5A0-159FE756E80B}.Debug|Any CPU.ActiveCfg = Debug|Any CPU
		{8970A58C-D37B-4B38-B5A0-159FE756E80B}.Debug|Any CPU.Build.0 = Debug|Any CPU
		{8970A58C-D37B-4B38-B5A0-159FE756E80B}.Release|Any CPU.ActiveCfg = Release|Any CPU
		{8970A58C-D37B-4B38-B5A0-159FE756E80B}.Release|Any CPU.Build.0 = Release|Any CPU
	EndGlobalSection
	GlobalSection(SolutionProperties) = preSolution
		HideSolutionNode = FALSE
	EndGlobalSection
	GlobalSection(ExtensibilityGlobals) = postSolution
		SolutionGuid = {2E78A94C-F515-4F19-9FA1-0124E17A93B1}
	EndGlobalSection
EndGlobal
