
Microsoft Visual Studio Solution File, Format Version 12.00
# Visual Studio Version 16
VisualStudioVersion = 16.0.31729.503
MinimumVisualStudioVersion = 10.0.40219.1
Project("{FAE04EC0-301F-11D3-BF4B-00C04F79EFBC}") = "StructuralComposite", "StructuralComposite\StructuralComposite.csproj", "{1BF05200-9103-4760-9B44-FC3E6F00881A}"
EndProject
Global
	GlobalSection(SolutionConfigurationPlatforms) = preSolution
		Debug|Any CPU = Debug|Any CPU
		Release|Any CPU = Release|Any CPU
	EndGlobalSection
	GlobalSection(ProjectConfigurationPlatforms) = postSolution
		{1BF05200-9103-4760-9B44-FC3E6F00881A}.Debug|Any CPU.ActiveCfg = Debug|Any CPU
		{1BF05200-9103-4760-9B44-FC3E6F00881A}.Debug|Any CPU.Build.0 = Debug|Any CPU
		{1BF05200-9103-4760-9B44-FC3E6F00881A}.Release|Any CPU.ActiveCfg = Release|Any CPU
		{1BF05200-9103-4760-9B44-FC3E6F00881A}.Release|Any CPU.Build.0 = Release|Any CPU
	EndGlobalSection
	GlobalSection(SolutionProperties) = preSolution
		HideSolutionNode = FALSE
	EndGlobalSection
	GlobalSection(ExtensibilityGlobals) = postSolution
		SolutionGuid = {90F684DD-3A5A-41BD-AB30-F8C4D3EB5D21}
	EndGlobalSection
EndGlobal
