
Microsoft Visual Studio Solution File, Format Version 12.00
# Visual Studio Version 16
VisualStudioVersion = 16.0.31729.503
MinimumVisualStudioVersion = 10.0.40219.1
Project("{FAE04EC0-301F-11D3-BF4B-00C04F79EFBC}") = "ObjectAdapter", "ObjectAdapter\ObjectAdapter.csproj", "{7229479B-C8BB-4677-BFF8-E82B4E40B8F2}"
EndProject
Project("{FAE04EC0-301F-11D3-BF4B-00C04F79EFBC}") = "DuckTestDrive", "DuckTestDrive\DuckTestDrive.csproj", "{D2A63967-4603-4977-BCF7-8A8E14B4562A}"
EndProject
Global
	GlobalSection(SolutionConfigurationPlatforms) = preSolution
		Debug|Any CPU = Debug|Any CPU
		Release|Any CPU = Release|Any CPU
	EndGlobalSection
	GlobalSection(ProjectConfigurationPlatforms) = postSolution
		{7229479B-C8BB-4677-BFF8-E82B4E40B8F2}.Debug|Any CPU.ActiveCfg = Debug|Any CPU
		{7229479B-C8BB-4677-BFF8-E82B4E40B8F2}.Debug|Any CPU.Build.0 = Debug|Any CPU
		{7229479B-C8BB-4677-BFF8-E82B4E40B8F2}.Release|Any CPU.ActiveCfg = Release|Any CPU
		{7229479B-C8BB-4677-BFF8-E82B4E40B8F2}.Release|Any CPU.Build.0 = Release|Any CPU
		{D2A63967-4603-4977-BCF7-8A8E14B4562A}.Debug|Any CPU.ActiveCfg = Debug|Any CPU
		{D2A63967-4603-4977-BCF7-8A8E14B4562A}.Debug|Any CPU.Build.0 = Debug|Any CPU
		{D2A63967-4603-4977-BCF7-8A8E14B4562A}.Release|Any CPU.ActiveCfg = Release|Any CPU
		{D2A63967-4603-4977-BCF7-8A8E14B4562A}.Release|Any CPU.Build.0 = Release|Any CPU
	EndGlobalSection
	GlobalSection(SolutionProperties) = preSolution
		HideSolutionNode = FALSE
	EndGlobalSection
	GlobalSection(ExtensibilityGlobals) = postSolution
		SolutionGuid = {DE915414-9B8B-4725-8A3E-22F94545671D}
	EndGlobalSection
EndGlobal
