
Microsoft Visual Studio Solution File, Format Version 12.00
# Visual Studio Version 16
VisualStudioVersion = 16.0.31729.503
MinimumVisualStudioVersion = 10.0.40219.1
Project("{FAE04EC0-301F-11D3-BF4B-00C04F79EFBC}") = "SimpleFactoryMethod", "SimpleFactoryMethod\SimpleFactoryMethod.csproj", "{AC821FF8-D3EC-4A2E-AA47-0A105DB8FE8B}"
EndProject
Global
	GlobalSection(SolutionConfigurationPlatforms) = preSolution
		Debug|Any CPU = Debug|Any CPU
		Release|Any CPU = Release|Any CPU
	EndGlobalSection
	GlobalSection(ProjectConfigurationPlatforms) = postSolution
		{AC821FF8-D3EC-4A2E-AA47-0A105DB8FE8B}.Debug|Any CPU.ActiveCfg = Debug|Any CPU
		{AC821FF8-D3EC-4A2E-AA47-0A105DB8FE8B}.Debug|Any CPU.Build.0 = Debug|Any CPU
		{AC821FF8-D3EC-4A2E-AA47-0A105DB8FE8B}.Release|Any CPU.ActiveCfg = Release|Any CPU
		{AC821FF8-D3EC-4A2E-AA47-0A105DB8FE8B}.Release|Any CPU.Build.0 = Release|Any CPU
	EndGlobalSection
	GlobalSection(SolutionProperties) = preSolution
		HideSolutionNode = FALSE
	EndGlobalSection
	GlobalSection(ExtensibilityGlobals) = postSolution
		SolutionGuid = {F210B80E-B2E6-45B1-9A5F-32D25BF0875D}
	EndGlobalSection
EndGlobal
